
Microsoft Visual Studio Solution File, Format Version 12.00
# Visual Studio Version 17
VisualStudioVersion = 17.11.35431.28
MinimumVisualStudioVersion = 10.0.40219.1
Project("{FAE04EC0-301F-11D3-BF4B-00C04F79EFBC}") = "TariffComparisonTest", "TariffComparisonTest.csproj", "{318B4901-E2F0-464B-9EF9-82EA0DD1C814}"
EndProject
Global
	GlobalSection(SolutionConfigurationPlatforms) = preSolution
		Debug|Any CPU = Debug|Any CPU
		Release|Any CPU = Release|Any CPU
	EndGlobalSection
	GlobalSection(ProjectConfigurationPlatforms) = postSolution
		{318B4901-E2F0-464B-9EF9-82EA0DD1C814}.Debug|Any CPU.ActiveCfg = Debug|Any CPU
		{318B4901-E2F0-464B-9EF9-82EA0DD1C814}.Debug|Any CPU.Build.0 = Debug|Any CPU
		{318B4901-E2F0-464B-9EF9-82EA0DD1C814}.Release|Any CPU.ActiveCfg = Release|Any CPU
		{318B4901-E2F0-464B-9EF9-82EA0DD1C814}.Release|Any CPU.Build.0 = Release|Any CPU
	EndGlobalSection
	GlobalSection(SolutionProperties) = preSolution
		HideSolutionNode = FALSE
	EndGlobalSection
	GlobalSection(ExtensibilityGlobals) = postSolution
		SolutionGuid = {BDA83D14-6220-439E-BC3E-B494C551B804}
	EndGlobalSection
EndGlobal
